
Microsoft Visual Studio Solution File, Format Version 12.00
# Visual Studio Version 16
VisualStudioVersion = 16.0.30907.101
MinimumVisualStudioVersion = 10.0.40219.1
Project("{FAE04EC0-301F-11D3-BF4B-00C04F79EFBC}") = "Atividade", "Atividade\Atividade.csproj", "{B62730E3-D203-42F6-9583-A0C9E726B4AB}"
EndProject
Global
	GlobalSection(SolutionConfigurationPlatforms) = preSolution
		Debug|Any CPU = Debug|Any CPU
		Release|Any CPU = Release|Any CPU
	EndGlobalSection
	GlobalSection(ProjectConfigurationPlatforms) = postSolution
		{B62730E3-D203-42F6-9583-A0C9E726B4AB}.Debug|Any CPU.ActiveCfg = Debug|Any CPU
		{B62730E3-D203-42F6-9583-A0C9E726B4AB}.Debug|Any CPU.Build.0 = Debug|Any CPU
		{B62730E3-D203-42F6-9583-A0C9E726B4AB}.Release|Any CPU.ActiveCfg = Release|Any CPU
		{B62730E3-D203-42F6-9583-A0C9E726B4AB}.Release|Any CPU.Build.0 = Release|Any CPU
	EndGlobalSection
	GlobalSection(SolutionProperties) = preSolution
		HideSolutionNode = FALSE
	EndGlobalSection
	GlobalSection(ExtensibilityGlobals) = postSolution
		SolutionGuid = {26DF4C46-5952-49D9-8A75-EEE4600A36B4}
	EndGlobalSection
EndGlobal
